
Microsoft Visual Studio Solution File, Format Version 12.00
# Visual Studio Version 16
VisualStudioVersion = 16.0.30804.86
MinimumVisualStudioVersion = 10.0.40219.1
Project("{2150E333-8FDC-42A3-9474-1A3956D46DE8}") = "Solution Items", "Solution Items", "{C0DC6E0F-1519-4B3C-AD4C-A01803B4812E}"
	ProjectSection(SolutionItems) = preProject
		.github\workflows\ci-test.yml = .github\workflows\ci-test.yml
		readme.md = readme.md
		.github\workflows\release-api-client.yml = .github\workflows\release-api-client.yml
		.github\workflows\update_nuget.yaml = .github\workflows\update_nuget.yaml
	EndProjectSection
EndProject
Project("{FAE04EC0-301F-11D3-BF4B-00C04F79EFBC}") = "MyJetWallet.Sdk.Postgres", "src\MyJetWallet.Sdk.Postgres\MyJetWallet.Sdk.Postgres.csproj", "{76BF35EA-A66D-4EE9-89CD-8705EACB72B0}"
EndProject
Global
	GlobalSection(SolutionConfigurationPlatforms) = preSolution
		Debug|Any CPU = Debug|Any CPU
		Release|Any CPU = Release|Any CPU
	EndGlobalSection
	GlobalSection(ProjectConfigurationPlatforms) = postSolution
		{76BF35EA-A66D-4EE9-89CD-8705EACB72B0}.Debug|Any CPU.ActiveCfg = Debug|Any CPU
		{76BF35EA-A66D-4EE9-89CD-8705EACB72B0}.Debug|Any CPU.Build.0 = Debug|Any CPU
		{76BF35EA-A66D-4EE9-89CD-8705EACB72B0}.Release|Any CPU.ActiveCfg = Release|Any CPU
		{76BF35EA-A66D-4EE9-89CD-8705EACB72B0}.Release|Any CPU.Build.0 = Release|Any CPU
	EndGlobalSection
	GlobalSection(SolutionProperties) = preSolution
		HideSolutionNode = FALSE
	EndGlobalSection
	GlobalSection(ExtensibilityGlobals) = postSolution
		SolutionGuid = {2FAC3710-7C8F-4815-A4AF-FC6EC85C44BD}
	EndGlobalSection
EndGlobal
